
Microsoft Visual Studio Solution File, Format Version 12.00
# Visual Studio Version 16
VisualStudioVersion = 16.0.29728.190
MinimumVisualStudioVersion = 10.0.40219.1
Project("{FAE04EC0-301F-11D3-BF4B-00C04F79EFBC}") = "Proyecto2", "Proyecto2.csproj", "{6FFBD6C4-A1AB-4F26-B9EE-EE2D3BB6BEB4}"
EndProject
Global
	GlobalSection(SolutionConfigurationPlatforms) = preSolution
		Debug|Any CPU = Debug|Any CPU
		Release|Any CPU = Release|Any CPU
	EndGlobalSection
	GlobalSection(ProjectConfigurationPlatforms) = postSolution
		{6FFBD6C4-A1AB-4F26-B9EE-EE2D3BB6BEB4}.Debug|Any CPU.ActiveCfg = Debug|Any CPU
		{6FFBD6C4-A1AB-4F26-B9EE-EE2D3BB6BEB4}.Debug|Any CPU.Build.0 = Debug|Any CPU
		{6FFBD6C4-A1AB-4F26-B9EE-EE2D3BB6BEB4}.Release|Any CPU.ActiveCfg = Release|Any CPU
		{6FFBD6C4-A1AB-4F26-B9EE-EE2D3BB6BEB4}.Release|Any CPU.Build.0 = Release|Any CPU
	EndGlobalSection
	GlobalSection(SolutionProperties) = preSolution
		HideSolutionNode = FALSE
	EndGlobalSection
	GlobalSection(ExtensibilityGlobals) = postSolution
		SolutionGuid = {8BB490DD-037D-40D8-A8FD-16D54DE7646E}
	EndGlobalSection
EndGlobal
